
Microsoft Visual Studio Solution File, Format Version 12.00
# Visual Studio Version 16
VisualStudioVersion = 16.0.31005.135
MinimumVisualStudioVersion = 10.0.40219.1
Project("{FAE04EC0-301F-11D3-BF4B-00C04F79EFBC}") = "AndreyMatveew04Algorithm03", "AndreyMatveew04Algorithm03\AndreyMatveew04Algorithm03.csproj", "{FAC0FD98-9A16-4112-B534-C4D8010A6FA6}"
EndProject
Global
	GlobalSection(SolutionConfigurationPlatforms) = preSolution
		Debug|Any CPU = Debug|Any CPU
		Release|Any CPU = Release|Any CPU
	EndGlobalSection
	GlobalSection(ProjectConfigurationPlatforms) = postSolution
		{FAC0FD98-9A16-4112-B534-C4D8010A6FA6}.Debug|Any CPU.ActiveCfg = Debug|Any CPU
		{FAC0FD98-9A16-4112-B534-C4D8010A6FA6}.Debug|Any CPU.Build.0 = Debug|Any CPU
		{FAC0FD98-9A16-4112-B534-C4D8010A6FA6}.Release|Any CPU.ActiveCfg = Release|Any CPU
		{FAC0FD98-9A16-4112-B534-C4D8010A6FA6}.Release|Any CPU.Build.0 = Release|Any CPU
	EndGlobalSection
	GlobalSection(SolutionProperties) = preSolution
		HideSolutionNode = FALSE
	EndGlobalSection
	GlobalSection(ExtensibilityGlobals) = postSolution
		SolutionGuid = {BB0400F4-CC09-43B5-834C-67861AC5FCC6}
	EndGlobalSection
EndGlobal
